// !$*UTF8*$!
{
	archiveVersion = 1;
	classes = {
	};
	objectVersion = 46;
	objects = {

/* Begin PBXBuildFile section */
		13B07FBC1A68108700A75B9A /* AppDelegate.m in Sources */ = {isa = PBXBuildFile; fileRef = 13B07FB01A68108700A75B9A /* AppDelegate.m */; };
		13B07FBD1A68108700A75B9A /* LaunchScreen.xib in Resources */ = {isa = PBXBuildFile; fileRef = 13B07FB11A68108700A75B9A /* LaunchScreen.xib */; };
		13B07FBF1A68108700A75B9A /* Images.xcassets in Resources */ = {isa = PBXBuildFile; fileRef = 13B07FB51A68108700A75B9A /* Images.xcassets */; };
		13B07FC11A68108700A75B9A /* main.m in Sources */ = {isa = PBXBuildFile; fileRef = 13B07FB71A68108700A75B9A /* main.m */; };
		3DE4DAD41476765101945408 /* libPods-Lupa.a in Frameworks */ = {isa = PBXBuildFile; fileRef = D43FF9D506E70904424FA7E9 /* libPods-Lupa.a */; };
		782E4B252447D6040005F03A /* TPSStripe in Resources */ = {isa = PBXBuildFile; fileRef = 782E4B242447D6040005F03A /* TPSStripe */; };
		7835BE2324FCB0B000D9947E /* LaunchScreen.storyboard in Resources */ = {isa = PBXBuildFile; fileRef = 7835BE2224FCB0B000D9947E /* LaunchScreen.storyboard */; };
		7854C066251A88A700CE814F /* Fonts in Resources */ = {isa = PBXBuildFile; fileRef = 7854C065251A88A600CE814F /* Fonts */; };
		78D64B80244544B3007C6E72 /* MapKit.framework in Frameworks */ = {isa = PBXBuildFile; fileRef = 78D64B7F244544B3007C6E72 /* MapKit.framework */; };
		78E385D424829D1A00CA4937 /* GoogleService-Info.plist in Resources */ = {isa = PBXBuildFile; fileRef = 78E385D324829D1A00CA4937 /* GoogleService-Info.plist */; };
		D9C3B6873E1141C28E785DE2 /* feather1s.ttf in Resources */ = {isa = PBXBuildFile; fileRef = D24126DAECBB4FDD8B46B0D6 /* feather1s.ttf */; };
		4F88E46A164444E28D6F6A2C /* AntDesign.ttf in Resources */ = {isa = PBXBuildFile; fileRef = C9B4D62DCE0F48E496BC6747 /* AntDesign.ttf */; };
		B749816C79B246988F3D8E2A /* Entypo.ttf in Resources */ = {isa = PBXBuildFile; fileRef = 05A02FD9E26C4EA8BD705514 /* Entypo.ttf */; };
		41FA2996FF9A47CFA28980C9 /* EvilIcons.ttf in Resources */ = {isa = PBXBuildFile; fileRef = AF845F7AEF6E4F709D8E8CF2 /* EvilIcons.ttf */; };
		E073B3FA74614162A7A82A53 /* Feather.ttf in Resources */ = {isa = PBXBuildFile; fileRef = 0602D2E5429E4B14A03D9EF6 /* Feather.ttf */; };
		92C08C33A0E8489983466F47 /* FontAwesome.ttf in Resources */ = {isa = PBXBuildFile; fileRef = E5EC266505AF403988CFBDD4 /* FontAwesome.ttf */; };
		4D5FDAC3351D4F7F86896739 /* FontAwesome5_Brands.ttf in Resources */ = {isa = PBXBuildFile; fileRef = EE7BDF937AF348DA81F692D0 /* FontAwesome5_Brands.ttf */; };
		28AF1E44A51F4638A9D041CF /* FontAwesome5_Regular.ttf in Resources */ = {isa = PBXBuildFile; fileRef = F903B16FC3404ACC942622FF /* FontAwesome5_Regular.ttf */; };
		09ABDE5B54EC4EAE9DAFFD04 /* FontAwesome5_Solid.ttf in Resources */ = {isa = PBXBuildFile; fileRef = 54DC6685FE5341CFAEC4F123 /* FontAwesome5_Solid.ttf */; };
		80E298174BA74EDDB211118E /* Fontisto.ttf in Resources */ = {isa = PBXBuildFile; fileRef = 02BD70EA550C4C90A43E65EE /* Fontisto.ttf */; };
		B915E3758DB346E6AC92E86C /* Foundation.ttf in Resources */ = {isa = PBXBuildFile; fileRef = B89406A31B9443BAA5B844B7 /* Foundation.ttf */; };
		497C62370F4C4D8B9D0CDDEA /* Ionicons.ttf in Resources */ = {isa = PBXBuildFile; fileRef = A0D8E6AAC8844EDA9FAA39C2 /* Ionicons.ttf */; };
		FC99A7D1219C4F5F8B522F75 /* MaterialCommunityIcons.ttf in Resources */ = {isa = PBXBuildFile; fileRef = 07CF3F776874440595FAC8CC /* MaterialCommunityIcons.ttf */; };
		1F17FF337DB947E890FA63C7 /* MaterialIcons.ttf in Resources */ = {isa = PBXBuildFile; fileRef = A30CCC72757A4059BB6F7E9E /* MaterialIcons.ttf */; };
		AD9B30528AB64001AA6BAF54 /* Octicons.ttf in Resources */ = {isa = PBXBuildFile; fileRef = CE9734D97F9148EEBBDFC5FF /* Octicons.ttf */; };
		00E4537E03C54205A1452F33 /* SimpleLineIcons.ttf in Resources */ = {isa = PBXBuildFile; fileRef = 32B2F45925A741C0B3A6FB64 /* SimpleLineIcons.ttf */; };
		B60BC2DEB64D455FBE4C14FA /* Zocial.ttf in Resources */ = {isa = PBXBuildFile; fileRef = 20BBD5BD023947C2BDA80ACB /* Zocial.ttf */; };
/* End PBXBuildFile section */

/* Begin PBXFileReference section */
		13B07F961A680F5B00A75B9A /* lupa.app */ = {isa = PBXFileReference; explicitFileType = wrapper.application; includeInIndex = 0; path = lupa.app; sourceTree = BUILT_PRODUCTS_DIR; };
		13B07FAF1A68108700A75B9A /* AppDelegate.h */ = {isa = PBXFileReference; fileEncoding = 4; lastKnownFileType = sourcecode.c.h; name = AppDelegate.h; path = Lupa/AppDelegate.h; sourceTree = "<group>"; };
		13B07FB01A68108700A75B9A /* AppDelegate.m */ = {isa = PBXFileReference; fileEncoding = 4; lastKnownFileType = sourcecode.c.objc; name = AppDelegate.m; path = Lupa/AppDelegate.m; sourceTree = "<group>"; };
		13B07FB21A68108700A75B9A /* Base */ = {isa = PBXFileReference; lastKnownFileType = file.xib; name = Base; path = Base.lproj/LaunchScreen.xib; sourceTree = "<group>"; };
		13B07FB51A68108700A75B9A /* Images.xcassets */ = {isa = PBXFileReference; lastKnownFileType = folder.assetcatalog; name = Images.xcassets; path = Lupa/Images.xcassets; sourceTree = "<group>"; };
		13B07FB61A68108700A75B9A /* Info.plist */ = {isa = PBXFileReference; fileEncoding = 4; lastKnownFileType = text.plist.xml; name = Info.plist; path = Lupa/Info.plist; sourceTree = "<group>"; };
		13B07FB71A68108700A75B9A /* main.m */ = {isa = PBXFileReference; fileEncoding = 4; lastKnownFileType = sourcecode.c.objc; name = main.m; path = Lupa/main.m; sourceTree = "<group>"; };
		1476A7C0EE6D45728FF3B8D5 /* HelveticaNeue Thin.ttf */ = {isa = PBXFileReference; explicitFileType = undefined; fileEncoding = 9; includeInIndex = 0; lastKnownFileType = unknown; name = "HelveticaNeue Thin.ttf"; path = "../node_modules/react-native-vector-icons/Fonts/HelveticaNeue Thin.ttf"; sourceTree = "<group>"; };
		2D16E6891FA4F8E400B85C8A /* libReact.a */ = {isa = PBXFileReference; explicitFileType = archive.ar; path = libReact.a; sourceTree = BUILT_PRODUCTS_DIR; };
		2FB3D6E5FE4F48009E4FAD7B /* HelveticaNeue Light.ttf */ = {isa = PBXFileReference; explicitFileType = undefined; fileEncoding = 9; includeInIndex = 0; lastKnownFileType = unknown; name = "HelveticaNeue Light.ttf"; path = "../node_modules/react-native-vector-icons/Fonts/HelveticaNeue Light.ttf"; sourceTree = "<group>"; };
		30836AC5A0E14412BB8F885C /* HelveticaNeue Medium.ttf */ = {isa = PBXFileReference; explicitFileType = undefined; fileEncoding = 9; includeInIndex = 0; lastKnownFileType = unknown; name = "HelveticaNeue Medium.ttf"; path = "../node_modules/react-native-vector-icons/Fonts/HelveticaNeue Medium.ttf"; sourceTree = "<group>"; };
		32D7F7E7C17E4A31988B188C /* Helvetica Neu Bold.ttf */ = {isa = PBXFileReference; explicitFileType = undefined; fileEncoding = 9; includeInIndex = 0; lastKnownFileType = unknown; name = "Helvetica Neu Bold.ttf"; path = "../node_modules/react-native-vector-icons/Fonts/Helvetica Neu Bold.ttf"; sourceTree = "<group>"; };
		35C5B02CEAAD49E68427380F /* HelveticaNeueBd.ttf */ = {isa = PBXFileReference; explicitFileType = undefined; fileEncoding = 9; includeInIndex = 0; lastKnownFileType = unknown; name = HelveticaNeueBd.ttf; path = "../node_modules/react-native-vector-icons/Fonts/HelveticaNeueBd.ttf"; sourceTree = "<group>"; };
		3B47C5AFCB8BDE514B7D1AC6 /* Pods-Lupa.debug.xcconfig */ = {isa = PBXFileReference; includeInIndex = 1; lastKnownFileType = text.xcconfig; name = "Pods-Lupa.debug.xcconfig"; path = "Target Support Files/Pods-Lupa/Pods-Lupa.debug.xcconfig"; sourceTree = "<group>"; };
		6873BA1484754233AD7958C4 /* HelveticaNeueHv.ttf */ = {isa = PBXFileReference; explicitFileType = undefined; fileEncoding = 9; includeInIndex = 0; lastKnownFileType = unknown; name = HelveticaNeueHv.ttf; path = "../node_modules/react-native-vector-icons/Fonts/HelveticaNeueHv.ttf"; sourceTree = "<group>"; };
		6F60C8ED1BCA439FB1ECD03B /* HelveticaNeueLt.ttf */ = {isa = PBXFileReference; explicitFileType = undefined; fileEncoding = 9; includeInIndex = 0; lastKnownFileType = unknown; name = HelveticaNeueLt.ttf; path = "../node_modules/react-native-vector-icons/Fonts/HelveticaNeueLt.ttf"; sourceTree = "<group>"; };
		74C9A640D3E540D8BCDA3C4C /* rubicon-icon-font.ttf */ = {isa = PBXFileReference; explicitFileType = undefined; fileEncoding = 9; includeInIndex = 0; lastKnownFileType = unknown; name = "rubicon-icon-font.ttf"; path = "../node_modules/native-base/Fonts/rubicon-icon-font.ttf"; sourceTree = "<group>"; };
		782E4B242447D6040005F03A /* TPSStripe */ = {isa = PBXFileReference; lastKnownFileType = folder; name = TPSStripe; path = "../node_modules/tipsi-stripe/ios/TPSStripe"; sourceTree = "<group>"; };
		78325C4C244F89840099D7AF /* lupa.entitlements */ = {isa = PBXFileReference; lastKnownFileType = text.plist.entitlements; name = lupa.entitlements; path = Lupa/lupa.entitlements; sourceTree = "<group>"; };
		7835BE2224FCB0B000D9947E /* LaunchScreen.storyboard */ = {isa = PBXFileReference; lastKnownFileType = file.storyboard; path = LaunchScreen.storyboard; sourceTree = "<group>"; };
		7854C065251A88A600CE814F /* Fonts */ = {isa = PBXFileReference; lastKnownFileType = folder; name = Fonts; path = "../node_modules/react-native-vector-icons/Fonts"; sourceTree = "<group>"; };
		78C4477B24B1150E00FB21BE /* libYoga.a */ = {isa = PBXFileReference; explicitFileType = archive.ar; path = libYoga.a; sourceTree = BUILT_PRODUCTS_DIR; };
		78D64B7F244544B3007C6E72 /* MapKit.framework */ = {isa = PBXFileReference; lastKnownFileType = wrapper.framework; name = MapKit.framework; path = System/Library/Frameworks/MapKit.framework; sourceTree = SDKROOT; };
		78E385D324829D1A00CA4937 /* GoogleService-Info.plist */ = {isa = PBXFileReference; fileEncoding = 4; lastKnownFileType = text.plist.xml; path = "GoogleService-Info.plist"; sourceTree = "<group>"; };
		7A8B5D53827C44BEAE239AB1 /* Roboto_medium.ttf */ = {isa = PBXFileReference; explicitFileType = undefined; fileEncoding = 9; includeInIndex = 0; lastKnownFileType = unknown; name = Roboto_medium.ttf; path = "../node_modules/native-base/Fonts/Roboto_medium.ttf"; sourceTree = "<group>"; };
		880ECA2E11844AC6A48FA1FF /* HelveticaNeue BlackCond.ttf */ = {isa = PBXFileReference; explicitFileType = undefined; fileEncoding = 9; includeInIndex = 0; lastKnownFileType = unknown; name = "HelveticaNeue BlackCond.ttf"; path = "../node_modules/react-native-vector-icons/Fonts/HelveticaNeue BlackCond.ttf"; sourceTree = "<group>"; };
		8AC623DBF3A3E2CB072F81F2 /* Pods-Lupa.release.xcconfig */ = {isa = PBXFileReference; includeInIndex = 1; lastKnownFileType = text.xcconfig; name = "Pods-Lupa.release.xcconfig"; path = "Target Support Files/Pods-Lupa/Pods-Lupa.release.xcconfig"; sourceTree = "<group>"; };
		920C78C23808492582984ADA /* HelveticaNeue.ttf */ = {isa = PBXFileReference; explicitFileType = undefined; fileEncoding = 9; includeInIndex = 0; lastKnownFileType = unknown; name = HelveticaNeue.ttf; path = "../node_modules/react-native-vector-icons/Fonts/HelveticaNeue.ttf"; sourceTree = "<group>"; };
		BEABB23138704ADA81880B22 /* Roboto.ttf */ = {isa = PBXFileReference; explicitFileType = undefined; fileEncoding = 9; includeInIndex = 0; lastKnownFileType = unknown; name = Roboto.ttf; path = "../node_modules/native-base/Fonts/Roboto.ttf"; sourceTree = "<group>"; };
		D24126DAECBB4FDD8B46B0D6 /* feather1s.ttf */ = {isa = PBXFileReference; explicitFileType = undefined; fileEncoding = 9; includeInIndex = 0; lastKnownFileType = unknown; name = feather1s.ttf; path = "../node_modules/react-native-feather1s/Fonts/feather1s.ttf"; sourceTree = "<group>"; };
		D43FF9D506E70904424FA7E9 /* libPods-Lupa.a */ = {isa = PBXFileReference; explicitFileType = archive.ar; includeInIndex = 0; path = "libPods-Lupa.a"; sourceTree = BUILT_PRODUCTS_DIR; };
		ED297162215061F000B7C4FE /* JavaScriptCore.framework */ = {isa = PBXFileReference; lastKnownFileType = wrapper.framework; name = JavaScriptCore.framework; path = System/Library/Frameworks/JavaScriptCore.framework; sourceTree = SDKROOT; };
		ED2971642150620600B7C4FE /* JavaScriptCore.framework */ = {isa = PBXFileReference; lastKnownFileType = wrapper.framework; name = JavaScriptCore.framework; path = Platforms/AppleTVOS.platform/Developer/SDKs/AppleTVOS12.0.sdk/System/Library/Frameworks/JavaScriptCore.framework; sourceTree = DEVELOPER_DIR; };
		FBE1B31A61DD4546B2CDDB32 /* HelveticaNeueMed.ttf */ = {isa = PBXFileReference; explicitFileType = undefined; fileEncoding = 9; includeInIndex = 0; lastKnownFileType = unknown; name = HelveticaNeueMed.ttf; path = "../node_modules/react-native-vector-icons/Fonts/HelveticaNeueMed.ttf"; sourceTree = "<group>"; };
		C9B4D62DCE0F48E496BC6747 /* AntDesign.ttf */ = {isa = PBXFileReference; name = "AntDesign.ttf"; path = "../node_modules/react-native-vector-icons/Fonts/AntDesign.ttf"; sourceTree = "<group>"; fileEncoding = undefined; lastKnownFileType = unknown; explicitFileType = undefined; includeInIndex = 0; };
		05A02FD9E26C4EA8BD705514 /* Entypo.ttf */ = {isa = PBXFileReference; name = "Entypo.ttf"; path = "../node_modules/react-native-vector-icons/Fonts/Entypo.ttf"; sourceTree = "<group>"; fileEncoding = undefined; lastKnownFileType = unknown; explicitFileType = undefined; includeInIndex = 0; };
		AF845F7AEF6E4F709D8E8CF2 /* EvilIcons.ttf */ = {isa = PBXFileReference; name = "EvilIcons.ttf"; path = "../node_modules/react-native-vector-icons/Fonts/EvilIcons.ttf"; sourceTree = "<group>"; fileEncoding = undefined; lastKnownFileType = unknown; explicitFileType = undefined; includeInIndex = 0; };
		0602D2E5429E4B14A03D9EF6 /* Feather.ttf */ = {isa = PBXFileReference; name = "Feather.ttf"; path = "../node_modules/react-native-vector-icons/Fonts/Feather.ttf"; sourceTree = "<group>"; fileEncoding = undefined; lastKnownFileType = unknown; explicitFileType = undefined; includeInIndex = 0; };
		E5EC266505AF403988CFBDD4 /* FontAwesome.ttf */ = {isa = PBXFileReference; name = "FontAwesome.ttf"; path = "../node_modules/react-native-vector-icons/Fonts/FontAwesome.ttf"; sourceTree = "<group>"; fileEncoding = undefined; lastKnownFileType = unknown; explicitFileType = undefined; includeInIndex = 0; };
		EE7BDF937AF348DA81F692D0 /* FontAwesome5_Brands.ttf */ = {isa = PBXFileReference; name = "FontAwesome5_Brands.ttf"; path = "../node_modules/react-native-vector-icons/Fonts/FontAwesome5_Brands.ttf"; sourceTree = "<group>"; fileEncoding = undefined; lastKnownFileType = unknown; explicitFileType = undefined; includeInIndex = 0; };
		F903B16FC3404ACC942622FF /* FontAwesome5_Regular.ttf */ = {isa = PBXFileReference; name = "FontAwesome5_Regular.ttf"; path = "../node_modules/react-native-vector-icons/Fonts/FontAwesome5_Regular.ttf"; sourceTree = "<group>"; fileEncoding = undefined; lastKnownFileType = unknown; explicitFileType = undefined; includeInIndex = 0; };
		54DC6685FE5341CFAEC4F123 /* FontAwesome5_Solid.ttf */ = {isa = PBXFileReference; name = "FontAwesome5_Solid.ttf"; path = "../node_modules/react-native-vector-icons/Fonts/FontAwesome5_Solid.ttf"; sourceTree = "<group>"; fileEncoding = undefined; lastKnownFileType = unknown; explicitFileType = undefined; includeInIndex = 0; };
		02BD70EA550C4C90A43E65EE /* Fontisto.ttf */ = {isa = PBXFileReference; name = "Fontisto.ttf"; path = "../node_modules/react-native-vector-icons/Fonts/Fontisto.ttf"; sourceTree = "<group>"; fileEncoding = undefined; lastKnownFileType = unknown; explicitFileType = undefined; includeInIndex = 0; };
		B89406A31B9443BAA5B844B7 /* Foundation.ttf */ = {isa = PBXFileReference; name = "Foundation.ttf"; path = "../node_modules/react-native-vector-icons/Fonts/Foundation.ttf"; sourceTree = "<group>"; fileEncoding = undefined; lastKnownFileType = unknown; explicitFileType = undefined; includeInIndex = 0; };
		A0D8E6AAC8844EDA9FAA39C2 /* Ionicons.ttf */ = {isa = PBXFileReference; name = "Ionicons.ttf"; path = "../node_modules/react-native-vector-icons/Fonts/Ionicons.ttf"; sourceTree = "<group>"; fileEncoding = undefined; lastKnownFileType = unknown; explicitFileType = undefined; includeInIndex = 0; };
		07CF3F776874440595FAC8CC /* MaterialCommunityIcons.ttf */ = {isa = PBXFileReference; name = "MaterialCommunityIcons.ttf"; path = "../node_modules/react-native-vector-icons/Fonts/MaterialCommunityIcons.ttf"; sourceTree = "<group>"; fileEncoding = undefined; lastKnownFileType = unknown; explicitFileType = undefined; includeInIndex = 0; };
		A30CCC72757A4059BB6F7E9E /* MaterialIcons.ttf */ = {isa = PBXFileReference; name = "MaterialIcons.ttf"; path = "../node_modules/react-native-vector-icons/Fonts/MaterialIcons.ttf"; sourceTree = "<group>"; fileEncoding = undefined; lastKnownFileType = unknown; explicitFileType = undefined; includeInIndex = 0; };
		CE9734D97F9148EEBBDFC5FF /* Octicons.ttf */ = {isa = PBXFileReference; name = "Octicons.ttf"; path = "../node_modules/react-native-vector-icons/Fonts/Octicons.ttf"; sourceTree = "<group>"; fileEncoding = undefined; lastKnownFileType = unknown; explicitFileType = undefined; includeInIndex = 0; };
		32B2F45925A741C0B3A6FB64 /* SimpleLineIcons.ttf */ = {isa = PBXFileReference; name = "SimpleLineIcons.ttf"; path = "../node_modules/react-native-vector-icons/Fonts/SimpleLineIcons.ttf"; sourceTree = "<group>"; fileEncoding = undefined; lastKnownFileType = unknown; explicitFileType = undefined; includeInIndex = 0; };
		20BBD5BD023947C2BDA80ACB /* Zocial.ttf */ = {isa = PBXFileReference; name = "Zocial.ttf"; path = "../node_modules/react-native-vector-icons/Fonts/Zocial.ttf"; sourceTree = "<group>"; fileEncoding = undefined; lastKnownFileType = unknown; explicitFileType = undefined; includeInIndex = 0; };
/* End PBXFileReference section */

/* Begin PBXFrameworksBuildPhase section */
		13B07F8C1A680F5B00A75B9A /* Frameworks */ = {
			isa = PBXFrameworksBuildPhase;
			buildActionMask = 2147483647;
			files = (
				78D64B80244544B3007C6E72 /* MapKit.framework in Frameworks */,
				3DE4DAD41476765101945408 /* libPods-Lupa.a in Frameworks */,
			);
			runOnlyForDeploymentPostprocessing = 0;
		};
/* End PBXFrameworksBuildPhase section */

/* Begin PBXGroup section */
		13B07FAE1A68108700A75B9A /* Lupa */ = {
			isa = PBXGroup;
			children = (
				78E385D324829D1A00CA4937 /* GoogleService-Info.plist */,
				78325C4C244F89840099D7AF /* lupa.entitlements */,
				13B07FAF1A68108700A75B9A /* AppDelegate.h */,
				13B07FB01A68108700A75B9A /* AppDelegate.m */,
				13B07FB11A68108700A75B9A /* LaunchScreen.xib */,
				13B07FB51A68108700A75B9A /* Images.xcassets */,
				7835BE2224FCB0B000D9947E /* LaunchScreen.storyboard */,
				13B07FB61A68108700A75B9A /* Info.plist */,
				13B07FB71A68108700A75B9A /* main.m */,
			);
			name = Lupa;
			sourceTree = "<group>";
		};
		2D16E6871FA4F8E400B85C8A /* Frameworks */ = {
			isa = PBXGroup;
			children = (
				78C4477B24B1150E00FB21BE /* libYoga.a */,
				78D64B7F244544B3007C6E72 /* MapKit.framework */,
				ED297162215061F000B7C4FE /* JavaScriptCore.framework */,
				ED2971642150620600B7C4FE /* JavaScriptCore.framework */,
				2D16E6891FA4F8E400B85C8A /* libReact.a */,
				D43FF9D506E70904424FA7E9 /* libPods-Lupa.a */,
			);
			name = Frameworks;
			sourceTree = "<group>";
		};
		72E5486571395D51695C2A02 /* Pods */ = {
			isa = PBXGroup;
			children = (
				3B47C5AFCB8BDE514B7D1AC6 /* Pods-Lupa.debug.xcconfig */,
				8AC623DBF3A3E2CB072F81F2 /* Pods-Lupa.release.xcconfig */,
			);
			path = Pods;
			sourceTree = "<group>";
		};
		832341AE1AAA6A7D00B99B32 /* Libraries */ = {
			isa = PBXGroup;
			children = (
			);
			name = Libraries;
			sourceTree = "<group>";
		};
		83CBB9F61A601CBA00E9B192 = {
			isa = PBXGroup;
			children = (
				7854C065251A88A600CE814F /* Fonts */,
				782E4B242447D6040005F03A /* TPSStripe */,
				13B07FAE1A68108700A75B9A /* Lupa */,
				832341AE1AAA6A7D00B99B32 /* Libraries */,
				83CBBA001A601CBA00E9B192 /* Products */,
				2D16E6871FA4F8E400B85C8A /* Frameworks */,
				72E5486571395D51695C2A02 /* Pods */,
				B07AF40B4B404478AB99E5A2 /* Resources */,
			);
			indentWidth = 2;
			sourceTree = "<group>";
			tabWidth = 2;
			usesTabs = 0;
		};
		83CBBA001A601CBA00E9B192 /* Products */ = {
			isa = PBXGroup;
			children = (
				13B07F961A680F5B00A75B9A /* lupa.app */,
			);
			name = Products;
			sourceTree = "<group>";
		};
		B07AF40B4B404478AB99E5A2 /* Resources */ = {
			isa = PBXGroup;
			children = (
				7A8B5D53827C44BEAE239AB1 /* Roboto_medium.ttf */,
				BEABB23138704ADA81880B22 /* Roboto.ttf */,
				74C9A640D3E540D8BCDA3C4C /* rubicon-icon-font.ttf */,
				D24126DAECBB4FDD8B46B0D6 /* feather1s.ttf */,
				32D7F7E7C17E4A31988B188C /* Helvetica Neu Bold.ttf */,
				880ECA2E11844AC6A48FA1FF /* HelveticaNeue BlackCond.ttf */,
				2FB3D6E5FE4F48009E4FAD7B /* HelveticaNeue Light.ttf */,
				30836AC5A0E14412BB8F885C /* HelveticaNeue Medium.ttf */,
				1476A7C0EE6D45728FF3B8D5 /* HelveticaNeue Thin.ttf */,
				920C78C23808492582984ADA /* HelveticaNeue.ttf */,
				35C5B02CEAAD49E68427380F /* HelveticaNeueBd.ttf */,
				6873BA1484754233AD7958C4 /* HelveticaNeueHv.ttf */,
				6F60C8ED1BCA439FB1ECD03B /* HelveticaNeueLt.ttf */,
				FBE1B31A61DD4546B2CDDB32 /* HelveticaNeueMed.ttf */,
				C9B4D62DCE0F48E496BC6747 /* AntDesign.ttf */,
				05A02FD9E26C4EA8BD705514 /* Entypo.ttf */,
				AF845F7AEF6E4F709D8E8CF2 /* EvilIcons.ttf */,
				0602D2E5429E4B14A03D9EF6 /* Feather.ttf */,
				E5EC266505AF403988CFBDD4 /* FontAwesome.ttf */,
				EE7BDF937AF348DA81F692D0 /* FontAwesome5_Brands.ttf */,
				F903B16FC3404ACC942622FF /* FontAwesome5_Regular.ttf */,
				54DC6685FE5341CFAEC4F123 /* FontAwesome5_Solid.ttf */,
				02BD70EA550C4C90A43E65EE /* Fontisto.ttf */,
				B89406A31B9443BAA5B844B7 /* Foundation.ttf */,
				A0D8E6AAC8844EDA9FAA39C2 /* Ionicons.ttf */,
				07CF3F776874440595FAC8CC /* MaterialCommunityIcons.ttf */,
				A30CCC72757A4059BB6F7E9E /* MaterialIcons.ttf */,
				CE9734D97F9148EEBBDFC5FF /* Octicons.ttf */,
				32B2F45925A741C0B3A6FB64 /* SimpleLineIcons.ttf */,
				20BBD5BD023947C2BDA80ACB /* Zocial.ttf */,
			);
			name = Resources;
			sourceTree = "<group>";
		};
/* End PBXGroup section */

/* Begin PBXNativeTarget section */
		13B07F861A680F5B00A75B9A /* Lupa */ = {
			isa = PBXNativeTarget;
			buildConfigurationList = 13B07F931A680F5B00A75B9A /* Build configuration list for PBXNativeTarget "Lupa" */;
			buildPhases = (
				F8BC737F2AD7A05944D9E2A1 /* [CP] Check Pods Manifest.lock */,
				FD4C38642228810C00325AF5 /* Start Packager */,
				13B07F871A680F5B00A75B9A /* Sources */,
				13B07F8C1A680F5B00A75B9A /* Frameworks */,
				13B07F8E1A680F5B00A75B9A /* Resources */,
				00DD1BFF1BD5951E006B06BC /* Bundle React Native code and images */,
				2E11852915BD6DF7E5524464 /* [CP] Copy Pods Resources */,
				27ADFDE0B490B0AE55F8237B /* [CP-User] [RNFB] Core Configuration */,
			);
			buildRules = (
			);
			dependencies = (
			);
			name = Lupa;
			productName = "Hello World";
			productReference = 13B07F961A680F5B00A75B9A /* lupa.app */;
			productType = "com.apple.product-type.application";
		};
/* End PBXNativeTarget section */

/* Begin PBXProject section */
		83CBB9F71A601CBA00E9B192 /* Project object */ = {
			isa = PBXProject;
			attributes = {
				LastUpgradeCheck = 940;
				ORGANIZATIONNAME = Facebook;
				TargetAttributes = {
					13B07F861A680F5B00A75B9A = {
						DevelopmentTeam = 4GJL3RKQ5P;
						ProvisioningStyle = Manual;
					};
				};
			};
			buildConfigurationList = 83CBB9FA1A601CBA00E9B192 /* Build configuration list for PBXProject "Lupa" */;
			compatibilityVersion = "Xcode 3.2";
			developmentRegion = English;
			hasScannedForEncodings = 0;
			knownRegions = (
				English,
				en,
				Base,
			);
			mainGroup = 83CBB9F61A601CBA00E9B192;
			productRefGroup = 83CBBA001A601CBA00E9B192 /* Products */;
			projectDirPath = "";
			projectRoot = "";
			targets = (
				13B07F861A680F5B00A75B9A /* Lupa */,
			);
		};
/* End PBXProject section */

/* Begin PBXResourcesBuildPhase section */
		13B07F8E1A680F5B00A75B9A /* Resources */ = {
			isa = PBXResourcesBuildPhase;
			buildActionMask = 2147483647;
			files = (
				7835BE2324FCB0B000D9947E /* LaunchScreen.storyboard in Resources */,
				78E385D424829D1A00CA4937 /* GoogleService-Info.plist in Resources */,
				13B07FBF1A68108700A75B9A /* Images.xcassets in Resources */,
				782E4B252447D6040005F03A /* TPSStripe in Resources */,
				13B07FBD1A68108700A75B9A /* LaunchScreen.xib in Resources */,
				7854C066251A88A700CE814F /* Fonts in Resources */,
				D9C3B6873E1141C28E785DE2 /* feather1s.ttf in Resources */,
				4F88E46A164444E28D6F6A2C /* AntDesign.ttf in Resources */,
				B749816C79B246988F3D8E2A /* Entypo.ttf in Resources */,
				41FA2996FF9A47CFA28980C9 /* EvilIcons.ttf in Resources */,
				E073B3FA74614162A7A82A53 /* Feather.ttf in Resources */,
				92C08C33A0E8489983466F47 /* FontAwesome.ttf in Resources */,
				4D5FDAC3351D4F7F86896739 /* FontAwesome5_Brands.ttf in Resources */,
				28AF1E44A51F4638A9D041CF /* FontAwesome5_Regular.ttf in Resources */,
				09ABDE5B54EC4EAE9DAFFD04 /* FontAwesome5_Solid.ttf in Resources */,
				80E298174BA74EDDB211118E /* Fontisto.ttf in Resources */,
				B915E3758DB346E6AC92E86C /* Foundation.ttf in Resources */,
				497C62370F4C4D8B9D0CDDEA /* Ionicons.ttf in Resources */,
				FC99A7D1219C4F5F8B522F75 /* MaterialCommunityIcons.ttf in Resources */,
				1F17FF337DB947E890FA63C7 /* MaterialIcons.ttf in Resources */,
				AD9B30528AB64001AA6BAF54 /* Octicons.ttf in Resources */,
				00E4537E03C54205A1452F33 /* SimpleLineIcons.ttf in Resources */,
				B60BC2DEB64D455FBE4C14FA /* Zocial.ttf in Resources */,
			);
			runOnlyForDeploymentPostprocessing = 0;
		};
/* End PBXResourcesBuildPhase section */

/* Begin PBXShellScriptBuildPhase section */
		00DD1BFF1BD5951E006B06BC /* Bundle React Native code and images */ = {
			isa = PBXShellScriptBuildPhase;
			buildActionMask = 2147483647;
			files = (
			);
			inputPaths = (
			);
			name = "Bundle React Native code and images";
			outputPaths = (
			);
			runOnlyForDeploymentPostprocessing = 0;
			shellPath = /bin/sh;
			shellScript = "export NODE_BINARY=node\n../node_modules/react-native/scripts/react-native-xcode.sh\n";
		};
		27ADFDE0B490B0AE55F8237B /* [CP-User] [RNFB] Core Configuration */ = {
			isa = PBXShellScriptBuildPhase;
			buildActionMask = 2147483647;
			files = (
			);
			name = "[CP-User] [RNFB] Core Configuration";
			runOnlyForDeploymentPostprocessing = 0;
			shellPath = /bin/sh;
			shellScript = "#!/usr/bin/env bash\n#\n# Copyright (c) 2016-present Invertase Limited & Contributors\n#\n# Licensed under the Apache License, Version 2.0 (the \"License\");\n# you may not use this library except in compliance with the License.\n# You may obtain a copy of the License at\n#\n#   http://www.apache.org/licenses/LICENSE-2.0\n#\n# Unless required by applicable law or agreed to in writing, software\n# distributed under the License is distributed on an \"AS IS\" BASIS,\n# WITHOUT WARRANTIES OR CONDITIONS OF ANY KIND, either express or implied.\n# See the License for the specific language governing permissions and\n# limitations under the License.\n#\nset -e\n\n_MAX_LOOKUPS=2;\n_SEARCH_RESULT=''\n_RN_ROOT_EXISTS=''\n_CURRENT_LOOKUPS=1\n_JSON_ROOT=\"'react-native'\"\n_JSON_FILE_NAME='firebase.json'\n_JSON_OUTPUT_BASE64='e30=' # { }\n_CURRENT_SEARCH_DIR=${PROJECT_DIR}\n_PLIST_BUDDY=/usr/libexec/PlistBuddy\n_TARGET_PLIST=\"${BUILT_PRODUCTS_DIR}/${INFOPLIST_PATH}\"\n_DSYM_PLIST=\"${DWARF_DSYM_FOLDER_PATH}/${DWARF_DSYM_FILE_NAME}/Contents/Info.plist\"\n\n# plist arrays\n_PLIST_ENTRY_KEYS=()\n_PLIST_ENTRY_TYPES=()\n_PLIST_ENTRY_VALUES=()\n\nfunction setPlistValue {\n  echo \"info:      setting plist entry '$1' of type '$2' in file '$4'\"\n  ${_PLIST_BUDDY} -c \"Add :$1 $2 '$3'\" $4 || echo \"info:      '$1' already exists\"\n}\n\nfunction getFirebaseJsonKeyValue () {\n  if [[ ${_RN_ROOT_EXISTS} ]]; then\n    ruby -e \"require 'rubygems';require 'json'; output=JSON.parse('$1'); puts output[$_JSON_ROOT]['$2']\"\n  else\n    echo \"\"\n  fi;\n}\n\nfunction jsonBoolToYesNo () {\n  if [[ $1 == \"false\" ]]; then\n    echo \"NO\"\n  elif [[ $1 == \"true\" ]]; then\n    echo \"YES\"\n  else echo \"NO\"\n  fi\n}\n\necho \"info: -> RNFB build script started\"\necho \"info: 1) Locating ${_JSON_FILE_NAME} file:\"\n\nif [[ -z ${_CURRENT_SEARCH_DIR} ]]; then\n  _CURRENT_SEARCH_DIR=$(pwd)\nfi;\n\nwhile true; do\n  _CURRENT_SEARCH_DIR=$(dirname \"$_CURRENT_SEARCH_DIR\")\n  if [[ \"$_CURRENT_SEARCH_DIR\" == \"/\" ]] || [[ ${_CURRENT_LOOKUPS} -gt ${_MAX_LOOKUPS} ]]; then break; fi;\n  echo \"info:      ($_CURRENT_LOOKUPS of $_MAX_LOOKUPS) Searching in '$_CURRENT_SEARCH_DIR' for a ${_JSON_FILE_NAME} file.\"\n  _SEARCH_RESULT=$(find \"$_CURRENT_SEARCH_DIR\" -maxdepth 2 -name ${_JSON_FILE_NAME} -print | head -n 1)\n  if [[ ${_SEARCH_RESULT} ]]; then\n    echo \"info:      ${_JSON_FILE_NAME} found at $_SEARCH_RESULT\"\n    break;\n  fi;\n  _CURRENT_LOOKUPS=$((_CURRENT_LOOKUPS+1))\ndone\n\nif [[ ${_SEARCH_RESULT} ]]; then\n  _JSON_OUTPUT_RAW=$(cat \"${_SEARCH_RESULT}\")\n  _RN_ROOT_EXISTS=$(ruby -e \"require 'rubygems';require 'json'; output=JSON.parse('$_JSON_OUTPUT_RAW'); puts output[$_JSON_ROOT]\" || echo '')\n\n  if [[ ${_RN_ROOT_EXISTS} ]]; then\n    _JSON_OUTPUT_BASE64=$(python -c 'import json,sys,base64;print(base64.b64encode(json.dumps(json.loads(open('\"'${_SEARCH_RESULT}'\"').read())['${_JSON_ROOT}'])))' || echo \"e30=\")\n  fi\n\n  _PLIST_ENTRY_KEYS+=(\"firebase_json_raw\")\n  _PLIST_ENTRY_TYPES+=(\"string\")\n  _PLIST_ENTRY_VALUES+=(\"$_JSON_OUTPUT_BASE64\")\n\n  # config.messaging_auto_init_enabled\n  _MESSAGING_AUTO_INIT=$(getFirebaseJsonKeyValue \"$_JSON_OUTPUT_RAW\" \"messaging_auto_init_enabled\")\n  if [[ $_MESSAGING_AUTO_INIT ]]; then\n    _PLIST_ENTRY_KEYS+=(\"FirebaseMessagingAutoInitEnabled\")\n    _PLIST_ENTRY_TYPES+=(\"bool\")\n    _PLIST_ENTRY_VALUES+=(\"$(jsonBoolToYesNo \"$_MESSAGING_AUTO_INIT\")\")\n  fi\n\n  # config.crashlytics_disable_auto_disabler - undocumented for now - mainly for debugging, document if becomes usful\n  _CRASHLYTICS_AUTO_DISABLE_ENABLED=$(getFirebaseJsonKeyValue \"$_JSON_OUTPUT_RAW\" \"crashlytics_disable_auto_disabler\")\n  if [[ $_CRASHLYTICS_AUTO_DISABLE_ENABLED == \"true\" ]]; then\n    echo \"Disabled Crashlytics auto disabler.\" # do nothing\n  else\n    _PLIST_ENTRY_KEYS+=(\"firebase_crashlytics_collection_enabled\")\n    _PLIST_ENTRY_TYPES+=(\"bool\")\n    _PLIST_ENTRY_VALUES+=(\"NO\")\n  fi\n\n  # config.admob_delay_app_measurement_init\n  _ADMOB_DELAY_APP_MEASUREMENT=$(getFirebaseJsonKeyValue \"$_JSON_OUTPUT_RAW\" \"admob_delay_app_measurement_init\")\n  if [[ $_ADMOB_DELAY_APP_MEASUREMENT == \"true\" ]]; then\n    _PLIST_ENTRY_KEYS+=(\"GADDelayAppMeasurementInit\")\n    _PLIST_ENTRY_TYPES+=(\"bool\")\n    _PLIST_ENTRY_VALUES+=(\"YES\")\n  fi\n\n  # config.admob_ios_app_id\n  _ADMOB_IOS_APP_ID=$(getFirebaseJsonKeyValue \"$_JSON_OUTPUT_RAW\" \"admob_ios_app_id\")\n  if [[ $_ADMOB_IOS_APP_ID ]]; then\n    _PLIST_ENTRY_KEYS+=(\"GADApplicationIdentifier\")\n    _PLIST_ENTRY_TYPES+=(\"string\")\n    _PLIST_ENTRY_VALUES+=(\"$_ADMOB_IOS_APP_ID\")\n  fi\nelse\n  _PLIST_ENTRY_KEYS+=(\"firebase_json_raw\")\n  _PLIST_ENTRY_TYPES+=(\"string\")\n  _PLIST_ENTRY_VALUES+=(\"$_JSON_OUTPUT_BASE64\")\n  echo \"warning:   A firebase.json file was not found, whilst this file is optional it is recommended to include it to configure firebase services in React Native Firebase.\"\nfi;\n\necho \"info: 2) Injecting Info.plist entries: \"\n\n# Log out the keys we're adding\nfor i in \"${!_PLIST_ENTRY_KEYS[@]}\"; do\n  echo \"    ->  $i) ${_PLIST_ENTRY_KEYS[$i]}\" \"${_PLIST_ENTRY_TYPES[$i]}\" \"${_PLIST_ENTRY_VALUES[$i]}\"\ndone\n\nfor plist in \"${_TARGET_PLIST}\" \"${_DSYM_PLIST}\" ; do\n  if [[ -f \"${plist}\" ]]; then\n\n    # paths with spaces break the call to setPlistValue. temporarily modify\n    # the shell internal field separator variable (IFS), which normally \n    # includes spaces, to consist only of line breaks\n    oldifs=$IFS\n    IFS=\"\n\"\n\n    for i in \"${!_PLIST_ENTRY_KEYS[@]}\"; do\n      setPlistValue \"${_PLIST_ENTRY_KEYS[$i]}\" \"${_PLIST_ENTRY_TYPES[$i]}\" \"${_PLIST_ENTRY_VALUES[$i]}\" \"${plist}\"\n    done\n\n    # restore the original internal field separator value\n    IFS=$oldifs\n  else\n    echo \"warning:   A Info.plist build output file was not found (${plist})\"\n  fi\ndone\n\necho \"info: <- RNFB build script finished\"\n\n";
		};
		2E11852915BD6DF7E5524464 /* [CP] Copy Pods Resources */ = {
			isa = PBXShellScriptBuildPhase;
			buildActionMask = 8;
			files = (
			);
			inputPaths = (
				"${PODS_ROOT}/Target Support Files/Pods-Lupa/Pods-Lupa-resources.sh",
				"${PODS_ROOT}/../../node_modules/react-native-vector-icons/Fonts/AntDesign.ttf",
				"${PODS_ROOT}/../../node_modules/react-native-vector-icons/Fonts/Entypo.ttf",
				"${PODS_ROOT}/../../node_modules/react-native-vector-icons/Fonts/EvilIcons.ttf",
				"${PODS_ROOT}/../../node_modules/react-native-vector-icons/Fonts/Feather.ttf",
				"${PODS_ROOT}/../../node_modules/react-native-vector-icons/Fonts/FontAwesome.ttf",
				"${PODS_ROOT}/../../node_modules/react-native-vector-icons/Fonts/FontAwesome5_Brands.ttf",
				"${PODS_ROOT}/../../node_modules/react-native-vector-icons/Fonts/FontAwesome5_Regular.ttf",
				"${PODS_ROOT}/../../node_modules/react-native-vector-icons/Fonts/FontAwesome5_Solid.ttf",
				"${PODS_ROOT}/../../node_modules/react-native-vector-icons/Fonts/Fontisto.ttf",
				"${PODS_ROOT}/../../node_modules/react-native-vector-icons/Fonts/Foundation.ttf",
				"${PODS_ROOT}/../../node_modules/react-native-vector-icons/Fonts/Ionicons.ttf",
				"${PODS_ROOT}/../../node_modules/react-native-vector-icons/Fonts/MaterialCommunityIcons.ttf",
				"${PODS_ROOT}/../../node_modules/react-native-vector-icons/Fonts/MaterialIcons.ttf",
				"${PODS_ROOT}/../../node_modules/react-native-vector-icons/Fonts/Octicons.ttf",
				"${PODS_ROOT}/../../node_modules/react-native-vector-icons/Fonts/SimpleLineIcons.ttf",
				"${PODS_ROOT}/../../node_modules/react-native-vector-icons/Fonts/Zocial.ttf",
				"${PODS_CONFIGURATION_BUILD_DIR}/Stripe/Stripe.bundle",
				"${PODS_CONFIGURATION_BUILD_DIR}/gRPC-C++/gRPCCertificates-Cpp.bundle",
			);
			name = "[CP] Copy Pods Resources";
			outputPaths = (
				"${TARGET_BUILD_DIR}/${UNLOCALIZED_RESOURCES_FOLDER_PATH}/AntDesign.ttf",
				"${TARGET_BUILD_DIR}/${UNLOCALIZED_RESOURCES_FOLDER_PATH}/Entypo.ttf",
				"${TARGET_BUILD_DIR}/${UNLOCALIZED_RESOURCES_FOLDER_PATH}/EvilIcons.ttf",
				"${TARGET_BUILD_DIR}/${UNLOCALIZED_RESOURCES_FOLDER_PATH}/Feather.ttf",
				"${TARGET_BUILD_DIR}/${UNLOCALIZED_RESOURCES_FOLDER_PATH}/FontAwesome.ttf",
				"${TARGET_BUILD_DIR}/${UNLOCALIZED_RESOURCES_FOLDER_PATH}/FontAwesome5_Brands.ttf",
				"${TARGET_BUILD_DIR}/${UNLOCALIZED_RESOURCES_FOLDER_PATH}/FontAwesome5_Regular.ttf",
				"${TARGET_BUILD_DIR}/${UNLOCALIZED_RESOURCES_FOLDER_PATH}/FontAwesome5_Solid.ttf",
				"${TARGET_BUILD_DIR}/${UNLOCALIZED_RESOURCES_FOLDER_PATH}/Fontisto.ttf",
				"${TARGET_BUILD_DIR}/${UNLOCALIZED_RESOURCES_FOLDER_PATH}/Foundation.ttf",
				"${TARGET_BUILD_DIR}/${UNLOCALIZED_RESOURCES_FOLDER_PATH}/Ionicons.ttf",
				"${TARGET_BUILD_DIR}/${UNLOCALIZED_RESOURCES_FOLDER_PATH}/MaterialCommunityIcons.ttf",
				"${TARGET_BUILD_DIR}/${UNLOCALIZED_RESOURCES_FOLDER_PATH}/MaterialIcons.ttf",
				"${TARGET_BUILD_DIR}/${UNLOCALIZED_RESOURCES_FOLDER_PATH}/Octicons.ttf",
				"${TARGET_BUILD_DIR}/${UNLOCALIZED_RESOURCES_FOLDER_PATH}/SimpleLineIcons.ttf",
				"${TARGET_BUILD_DIR}/${UNLOCALIZED_RESOURCES_FOLDER_PATH}/Zocial.ttf",
				"${TARGET_BUILD_DIR}/${UNLOCALIZED_RESOURCES_FOLDER_PATH}/Stripe.bundle",
				"${TARGET_BUILD_DIR}/${UNLOCALIZED_RESOURCES_FOLDER_PATH}/gRPCCertificates-Cpp.bundle",
			);
			runOnlyForDeploymentPostprocessing = 1;
			shellPath = /bin/sh;
			shellScript = "\"${PODS_ROOT}/Target Support Files/Pods-Lupa/Pods-Lupa-resources.sh\"\n";
			showEnvVarsInLog = 0;
		};
		F8BC737F2AD7A05944D9E2A1 /* [CP] Check Pods Manifest.lock */ = {
			isa = PBXShellScriptBuildPhase;
			buildActionMask = 2147483647;
			files = (
			);
			inputFileListPaths = (
			);
			inputPaths = (
				"${PODS_PODFILE_DIR_PATH}/Podfile.lock",
				"${PODS_ROOT}/Manifest.lock",
			);
			name = "[CP] Check Pods Manifest.lock";
			outputFileListPaths = (
			);
			outputPaths = (
				"$(DERIVED_FILE_DIR)/Pods-Lupa-checkManifestLockResult.txt",
			);
			runOnlyForDeploymentPostprocessing = 0;
			shellPath = /bin/sh;
			shellScript = "diff \"${PODS_PODFILE_DIR_PATH}/Podfile.lock\" \"${PODS_ROOT}/Manifest.lock\" > /dev/null\nif [ $? != 0 ] ; then\n    # print error to STDERR\n    echo \"error: The sandbox is not in sync with the Podfile.lock. Run 'pod install' or update your CocoaPods installation.\" >&2\n    exit 1\nfi\n# This output is used by Xcode 'outputs' to avoid re-running this script phase.\necho \"SUCCESS\" > \"${SCRIPT_OUTPUT_FILE_0}\"\n";
			showEnvVarsInLog = 0;
		};
		FD4C38642228810C00325AF5 /* Start Packager */ = {
			isa = PBXShellScriptBuildPhase;
			buildActionMask = 2147483647;
			files = (
			);
			inputFileListPaths = (
			);
			inputPaths = (
			);
			name = "Start Packager";
			outputFileListPaths = (
			);
			outputPaths = (
			);
			runOnlyForDeploymentPostprocessing = 0;
			shellPath = /bin/sh;
			shellScript = "export RCT_METRO_PORT=\"${RCT_METRO_PORT:=8081}\"\necho \"export RCT_METRO_PORT=${RCT_METRO_PORT}\" > \"${SRCROOT}/../node_modules/react-native/scripts/.packager.env\"\nif [ -z \"${RCT_NO_LAUNCH_PACKAGER+xxx}\" ] ; then\n  if nc -w 5 -z localhost ${RCT_METRO_PORT} ; then\n    if ! curl -s \"http://localhost:${RCT_METRO_PORT}/status\" | grep -q \"packager-status:running\" ; then\n      echo \"Port ${RCT_METRO_PORT} already in use, packager is either not running or not running correctly\"\n      exit 2\n    fi\n  else\n    open \"$SRCROOT/../node_modules/react-native/scripts/launchPackager.command\" || echo \"Can't start packager automatically\"\n  fi\nfi\n";
			showEnvVarsInLog = 0;
		};
/* End PBXShellScriptBuildPhase section */

/* Begin PBXSourcesBuildPhase section */
		13B07F871A680F5B00A75B9A /* Sources */ = {
			isa = PBXSourcesBuildPhase;
			buildActionMask = 2147483647;
			files = (
				13B07FBC1A68108700A75B9A /* AppDelegate.m in Sources */,
				13B07FC11A68108700A75B9A /* main.m in Sources */,
			);
			runOnlyForDeploymentPostprocessing = 0;
		};
/* End PBXSourcesBuildPhase section */

/* Begin PBXVariantGroup section */
		13B07FB11A68108700A75B9A /* LaunchScreen.xib */ = {
			isa = PBXVariantGroup;
			children = (
				13B07FB21A68108700A75B9A /* Base */,
			);
			name = LaunchScreen.xib;
			path = Lupa;
			sourceTree = "<group>";
		};
/* End PBXVariantGroup section */

/* Begin XCBuildConfiguration section */
		13B07F941A680F5B00A75B9A /* Debug */ = {
			isa = XCBuildConfiguration;
			baseConfigurationReference = 3B47C5AFCB8BDE514B7D1AC6 /* Pods-Lupa.debug.xcconfig */;
			buildSettings = {
				ASSETCATALOG_COMPILER_APPICON_NAME = AppIcon;
				CODE_SIGN_ENTITLEMENTS = Lupa/lupa.entitlements;
				CODE_SIGN_IDENTITY = "iPhone Distribution";
				CODE_SIGN_STYLE = Manual;
				CURRENT_PROJECT_VERSION = 58;
				DEAD_CODE_STRIPPING = NO;
				DEVELOPMENT_TEAM = 4GJL3RKQ5P;
				HEADER_SEARCH_PATHS = (
					"$(inherited)",
					"\"${PODS_ROOT}/Headers/Public\"",
					"\"${PODS_ROOT}/Headers/Public/BVLinearGradient\"",
					"\"${PODS_ROOT}/Headers/Public/BoringSSL-GRPC\"",
					"\"${PODS_ROOT}/Headers/Public/DoubleConversion\"",
					"\"${PODS_ROOT}/Headers/Public/EXAV\"",
					"\"${PODS_ROOT}/Headers/Public/EXAppLoaderProvider\"",
					"\"${PODS_ROOT}/Headers/Public/EXConstants\"",
					"\"${PODS_ROOT}/Headers/Public/EXErrorRecovery\"",
					"\"${PODS_ROOT}/Headers/Public/EXFileSystem\"",
					"\"${PODS_ROOT}/Headers/Public/EXFont\"",
					"\"${PODS_ROOT}/Headers/Public/EXKeepAwake\"",
					"\"${PODS_ROOT}/Headers/Public/EXLinearGradient\"",
					"\"${PODS_ROOT}/Headers/Public/EXLocation\"",
					"\"${PODS_ROOT}/Headers/Public/EXPermissions\"",
					"\"${PODS_ROOT}/Headers/Public/EXSQLite\"",
					"\"${PODS_ROOT}/Headers/Public/EXWebBrowser\"",
					"\"${PODS_ROOT}/Headers/Public/FBLazyVector\"",
					"\"${PODS_ROOT}/Headers/Public/FBReactNativeSpec\"",
					"\"${PODS_ROOT}/Headers/Public/Firebase\"",
					"\"${PODS_ROOT}/Headers/Public/FirebaseABTesting\"",
					"\"${PODS_ROOT}/Headers/Public/FirebaseAnalyticsInterop\"",
					"\"${PODS_ROOT}/Headers/Public/FirebaseAuth\"",
					"\"${PODS_ROOT}/Headers/Public/FirebaseAuthInterop\"",
					"\"${PODS_ROOT}/Headers/Public/FirebaseCore\"",
					"\"${PODS_ROOT}/Headers/Public/FirebaseCoreDiagnostics\"",
					"\"${PODS_ROOT}/Headers/Public/FirebaseCoreDiagnosticsInterop\"",
					"\"${PODS_ROOT}/Headers/Public/FirebaseDatabase\"",
					"\"${PODS_ROOT}/Headers/Public/FirebaseFirestore\"",
					"\"${PODS_ROOT}/Headers/Public/FirebaseFunctions\"",
					"\"${PODS_ROOT}/Headers/Public/FirebaseInstanceID\"",
					"\"${PODS_ROOT}/Headers/Public/FirebaseMessaging\"",
					"\"${PODS_ROOT}/Headers/Public/FirebaseRemoteConfig\"",
					"\"${PODS_ROOT}/Headers/Public/FirebaseStorage\"",
					"\"${PODS_ROOT}/Headers/Public/GTMSessionFetcher\"",
					"\"${PODS_ROOT}/Headers/Public/GoogleDataTransport\"",
					"\"${PODS_ROOT}/Headers/Public/GoogleDataTransportCCTSupport\"",
					"\"${PODS_ROOT}/Headers/Public/GoogleToolboxForMac\"",
					"\"${PODS_ROOT}/Headers/Public/GoogleUtilities\"",
					"\"${PODS_ROOT}/Headers/Public/Permission-Camera\"",
					"\"${PODS_ROOT}/Headers/Public/Permission-Contacts\"",
					"\"${PODS_ROOT}/Headers/Public/Permission-LocationAlways\"",
					"\"${PODS_ROOT}/Headers/Public/Permission-LocationWhenInUse\"",
					"\"${PODS_ROOT}/Headers/Public/Permission-MediaLibrary\"",
					"\"${PODS_ROOT}/Headers/Public/Permission-Notifications\"",
					"\"${PODS_ROOT}/Headers/Public/Permission-PhotoLibrary\"",
					"\"${PODS_ROOT}/Headers/Public/PromisesObjC\"",
					"\"${PODS_ROOT}/Headers/Public/Protobuf\"",
					"\"${PODS_ROOT}/Headers/Public/RCTRequired\"",
					"\"${PODS_ROOT}/Headers/Public/RCTTypeSafety\"",
					"\"${PODS_ROOT}/Headers/Public/RNCMaskedView\"",
					"\"${PODS_ROOT}/Headers/Public/RNCPicker\"",
					"\"${PODS_ROOT}/Headers/Public/RNCPushNotificationIOS\"",
					"\"${PODS_ROOT}/Headers/Public/RNDateTimePicker\"",
					"\"${PODS_ROOT}/Headers/Public/RNFBAnalytics\"",
					"\"${PODS_ROOT}/Headers/Public/RNFBApp\"",
					"\"${PODS_ROOT}/Headers/Public/RNFBAuth\"",
					"\"${PODS_ROOT}/Headers/Public/RNFBDatabase\"",
					"\"${PODS_ROOT}/Headers/Public/RNFBFirestore\"",
					"\"${PODS_ROOT}/Headers/Public/RNFBFunctions\"",
					"\"${PODS_ROOT}/Headers/Public/RNFBIid\"",
					"\"${PODS_ROOT}/Headers/Public/RNFBMessaging\"",
					"\"${PODS_ROOT}/Headers/Public/RNFBPerf\"",
					"\"${PODS_ROOT}/Headers/Public/RNFBRemoteConfig\"",
					"\"${PODS_ROOT}/Headers/Public/RNFBStorage\"",
					"\"${PODS_ROOT}/Headers/Public/RNFS\"",
					"\"${PODS_ROOT}/Headers/Public/RNGestureHandler\"",
					"\"${PODS_ROOT}/Headers/Public/RNOS\"",
					"\"${PODS_ROOT}/Headers/Public/RNPermissions\"",
					"\"${PODS_ROOT}/Headers/Public/RNReanimated\"",
					"\"${PODS_ROOT}/Headers/Public/RNSVG\"",
					"\"${PODS_ROOT}/Headers/Public/RNScreens\"",
					"\"${PODS_ROOT}/Headers/Public/RNVectorIcons\"",
					"\"${PODS_ROOT}/Headers/Public/React-Core\"",
					"\"${PODS_ROOT}/Headers/Public/React-RCTText\"",
					"\"${PODS_ROOT}/Headers/Public/React-cxxreact\"",
					"\"${PODS_ROOT}/Headers/Public/React-jsi\"",
					"\"${PODS_ROOT}/Headers/Public/React-jsiexecutor\"",
					"\"${PODS_ROOT}/Headers/Public/React-jsinspector\"",
					"\"${PODS_ROOT}/Headers/Public/ReactCommon\"",
					"\"${PODS_ROOT}/Headers/Public/SRSRadialGradient\"",
					"\"${PODS_ROOT}/Headers/Public/Stripe\"",
					"\"${PODS_ROOT}/Headers/Public/UMAppLoader\"",
					"\"${PODS_ROOT}/Headers/Public/UMBarCodeScannerInterface\"",
					"\"${PODS_ROOT}/Headers/Public/UMCameraInterface\"",
					"\"${PODS_ROOT}/Headers/Public/UMConstantsInterface\"",
					"\"${PODS_ROOT}/Headers/Public/UMCore\"",
					"\"${PODS_ROOT}/Headers/Public/UMFaceDetectorInterface\"",
					"\"${PODS_ROOT}/Headers/Public/UMFileSystemInterface\"",
					"\"${PODS_ROOT}/Headers/Public/UMFontInterface\"",
					"\"${PODS_ROOT}/Headers/Public/UMImageLoaderInterface\"",
					"\"${PODS_ROOT}/Headers/Public/UMPermissionsInterface\"",
					"\"${PODS_ROOT}/Headers/Public/UMReactNativeAdapter\"",
					"\"${PODS_ROOT}/Headers/Public/UMSensorsInterface\"",
					"\"${PODS_ROOT}/Headers/Public/UMTaskManagerInterface\"",
					"\"${PODS_ROOT}/Headers/Public/Yoga\"",
					"\"${PODS_ROOT}/Headers/Public/abseil\"",
					"\"${PODS_ROOT}/Headers/Public/gRPC-C++\"",
					"\"${PODS_ROOT}/Headers/Public/gRPC-Core\"",
					"\"${PODS_ROOT}/Headers/Public/glog\"",
					"\"${PODS_ROOT}/Headers/Public/leveldb-library\"",
					"\"${PODS_ROOT}/Headers/Public/nanopb\"",
					"\"${PODS_ROOT}/Headers/Public/react-native-blur\"",
					"\"${PODS_ROOT}/Headers/Public/react-native-camera\"",
					"\"${PODS_ROOT}/Headers/Public/react-native-contacts\"",
					"\"${PODS_ROOT}/Headers/Public/react-native-geolocation\"",
					"\"${PODS_ROOT}/Headers/Public/react-native-image-picker\"",
					"\"${PODS_ROOT}/Headers/Public/react-native-maps\"",
					"\"${PODS_ROOT}/Headers/Public/react-native-randombytes\"",
					"\"${PODS_ROOT}/Headers/Public/react-native-safe-area-context\"",
					"\"${PODS_ROOT}/Headers/Public/react-native-slider\"",
					"\"${PODS_ROOT}/Headers/Public/react-native-splash-screen\"",
					"\"${PODS_ROOT}/Headers/Public/tipsi-stripe\"",
					"\"${PODS_ROOT}/Headers/Public/toolbar-android\"",
					"$(inherited)",
					"${PODS_ROOT}/Firebase/CoreOnly/Sources",
					"\"${PODS_TARGET_SRCROOT}/Sources/FBLPromises/include\"",
					"\"$(PODS_ROOT)/Headers/Private/React-Core\"",
					"\"$(SRCROOT)/../node_modules/react-native-firebase/ios/RNFirebase\"",
					"\"$(SRCROOT)/../node_modules/react-native-firebase/ios/RNFirebase/notifications\"",
					"\"$(SRCROOT)/../node_modules/react-native-firebase/ios/RNFirebase/messaging\"",
				);
				INFOPLIST_FILE = Lupa/Info.plist;
				IPHONEOS_DEPLOYMENT_TARGET = 10.0;
				LD_RUNPATH_SEARCH_PATHS = "$(inherited) @executable_path/Frameworks";
				LIBRARY_SEARCH_PATHS = "$(inherited)";
				MARKETING_VERSION = 0.7;
				OTHER_LDFLAGS = (
					"$(inherited)",
					"-ObjC",
					"-lc++",
				);
				PRODUCT_BUNDLE_IDENTIFIER = com.rheasilvia.Lupa;
				PRODUCT_NAME = lupa;
				PROVISIONING_PROFILE_SPECIFIER = RheaSilviaDist;
				VERSIONING_SYSTEM = "apple-generic";
			};
			name = Debug;
		};
		13B07F951A680F5B00A75B9A /* Release */ = {
			isa = XCBuildConfiguration;
			baseConfigurationReference = 8AC623DBF3A3E2CB072F81F2 /* Pods-Lupa.release.xcconfig */;
			buildSettings = {
				ASSETCATALOG_COMPILER_APPICON_NAME = AppIcon;
				CODE_SIGN_ENTITLEMENTS = Lupa/lupa.entitlements;
				CODE_SIGN_IDENTITY = "iPhone Developer";
				CODE_SIGN_STYLE = Manual;
				CURRENT_PROJECT_VERSION = 58;
				DEVELOPMENT_TEAM = 4GJL3RKQ5P;
				HEADER_SEARCH_PATHS = (
					"$(inherited)",
					"\"${PODS_ROOT}/Headers/Public\"",
					"\"${PODS_ROOT}/Headers/Public/BVLinearGradient\"",
					"\"${PODS_ROOT}/Headers/Public/BoringSSL-GRPC\"",
					"\"${PODS_ROOT}/Headers/Public/DoubleConversion\"",
					"\"${PODS_ROOT}/Headers/Public/EXAV\"",
					"\"${PODS_ROOT}/Headers/Public/EXAppLoaderProvider\"",
					"\"${PODS_ROOT}/Headers/Public/EXConstants\"",
					"\"${PODS_ROOT}/Headers/Public/EXErrorRecovery\"",
					"\"${PODS_ROOT}/Headers/Public/EXFileSystem\"",
					"\"${PODS_ROOT}/Headers/Public/EXFont\"",
					"\"${PODS_ROOT}/Headers/Public/EXKeepAwake\"",
					"\"${PODS_ROOT}/Headers/Public/EXLinearGradient\"",
					"\"${PODS_ROOT}/Headers/Public/EXLocation\"",
					"\"${PODS_ROOT}/Headers/Public/EXPermissions\"",
					"\"${PODS_ROOT}/Headers/Public/EXSQLite\"",
					"\"${PODS_ROOT}/Headers/Public/EXWebBrowser\"",
					"\"${PODS_ROOT}/Headers/Public/FBLazyVector\"",
					"\"${PODS_ROOT}/Headers/Public/FBReactNativeSpec\"",
					"\"${PODS_ROOT}/Headers/Public/Firebase\"",
					"\"${PODS_ROOT}/Headers/Public/FirebaseABTesting\"",
					"\"${PODS_ROOT}/Headers/Public/FirebaseAnalyticsInterop\"",
					"\"${PODS_ROOT}/Headers/Public/FirebaseAuth\"",
					"\"${PODS_ROOT}/Headers/Public/FirebaseAuthInterop\"",
					"\"${PODS_ROOT}/Headers/Public/FirebaseCore\"",
					"\"${PODS_ROOT}/Headers/Public/FirebaseCoreDiagnostics\"",
					"\"${PODS_ROOT}/Headers/Public/FirebaseCoreDiagnosticsInterop\"",
					"\"${PODS_ROOT}/Headers/Public/FirebaseDatabase\"",
					"\"${PODS_ROOT}/Headers/Public/FirebaseFirestore\"",
					"\"${PODS_ROOT}/Headers/Public/FirebaseFunctions\"",
					"\"${PODS_ROOT}/Headers/Public/FirebaseInstanceID\"",
					"\"${PODS_ROOT}/Headers/Public/FirebaseMessaging\"",
					"\"${PODS_ROOT}/Headers/Public/FirebaseRemoteConfig\"",
					"\"${PODS_ROOT}/Headers/Public/FirebaseStorage\"",
					"\"${PODS_ROOT}/Headers/Public/GTMSessionFetcher\"",
					"\"${PODS_ROOT}/Headers/Public/GoogleDataTransport\"",
					"\"${PODS_ROOT}/Headers/Public/GoogleDataTransportCCTSupport\"",
					"\"${PODS_ROOT}/Headers/Public/GoogleToolboxForMac\"",
					"\"${PODS_ROOT}/Headers/Public/GoogleUtilities\"",
					"\"${PODS_ROOT}/Headers/Public/Permission-Camera\"",
					"\"${PODS_ROOT}/Headers/Public/Permission-Contacts\"",
					"\"${PODS_ROOT}/Headers/Public/Permission-LocationAlways\"",
					"\"${PODS_ROOT}/Headers/Public/Permission-LocationWhenInUse\"",
					"\"${PODS_ROOT}/Headers/Public/Permission-MediaLibrary\"",
					"\"${PODS_ROOT}/Headers/Public/Permission-Notifications\"",
					"\"${PODS_ROOT}/Headers/Public/Permission-PhotoLibrary\"",
					"\"${PODS_ROOT}/Headers/Public/PromisesObjC\"",
					"\"${PODS_ROOT}/Headers/Public/Protobuf\"",
					"\"${PODS_ROOT}/Headers/Public/RCTRequired\"",
					"\"${PODS_ROOT}/Headers/Public/RCTTypeSafety\"",
					"\"${PODS_ROOT}/Headers/Public/RNCMaskedView\"",
					"\"${PODS_ROOT}/Headers/Public/RNCPicker\"",
					"\"${PODS_ROOT}/Headers/Public/RNCPushNotificationIOS\"",
					"\"${PODS_ROOT}/Headers/Public/RNDateTimePicker\"",
					"\"${PODS_ROOT}/Headers/Public/RNFBAnalytics\"",
					"\"${PODS_ROOT}/Headers/Public/RNFBApp\"",
					"\"${PODS_ROOT}/Headers/Public/RNFBAuth\"",
					"\"${PODS_ROOT}/Headers/Public/RNFBDatabase\"",
					"\"${PODS_ROOT}/Headers/Public/RNFBFirestore\"",
					"\"${PODS_ROOT}/Headers/Public/RNFBFunctions\"",
					"\"${PODS_ROOT}/Headers/Public/RNFBIid\"",
					"\"${PODS_ROOT}/Headers/Public/RNFBMessaging\"",
					"\"${PODS_ROOT}/Headers/Public/RNFBPerf\"",
					"\"${PODS_ROOT}/Headers/Public/RNFBRemoteConfig\"",
					"\"${PODS_ROOT}/Headers/Public/RNFBStorage\"",
					"\"${PODS_ROOT}/Headers/Public/RNFS\"",
					"\"${PODS_ROOT}/Headers/Public/RNGestureHandler\"",
					"\"${PODS_ROOT}/Headers/Public/RNOS\"",
					"\"${PODS_ROOT}/Headers/Public/RNPermissions\"",
					"\"${PODS_ROOT}/Headers/Public/RNReanimated\"",
					"\"${PODS_ROOT}/Headers/Public/RNSVG\"",
					"\"${PODS_ROOT}/Headers/Public/RNScreens\"",
					"\"${PODS_ROOT}/Headers/Public/RNVectorIcons\"",
					"\"${PODS_ROOT}/Headers/Public/React-Core\"",
					"\"${PODS_ROOT}/Headers/Public/React-RCTText\"",
					"\"${PODS_ROOT}/Headers/Public/React-cxxreact\"",
					"\"${PODS_ROOT}/Headers/Public/React-jsi\"",
					"\"${PODS_ROOT}/Headers/Public/React-jsiexecutor\"",
					"\"${PODS_ROOT}/Headers/Public/React-jsinspector\"",
					"\"${PODS_ROOT}/Headers/Public/ReactCommon\"",
					"\"${PODS_ROOT}/Headers/Public/SRSRadialGradient\"",
					"\"${PODS_ROOT}/Headers/Public/Stripe\"",
					"\"${PODS_ROOT}/Headers/Public/UMAppLoader\"",
					"\"${PODS_ROOT}/Headers/Public/UMBarCodeScannerInterface\"",
					"\"${PODS_ROOT}/Headers/Public/UMCameraInterface\"",
					"\"${PODS_ROOT}/Headers/Public/UMConstantsInterface\"",
					"\"${PODS_ROOT}/Headers/Public/UMCore\"",
					"\"${PODS_ROOT}/Headers/Public/UMFaceDetectorInterface\"",
					"\"${PODS_ROOT}/Headers/Public/UMFileSystemInterface\"",
					"\"${PODS_ROOT}/Headers/Public/UMFontInterface\"",
					"\"${PODS_ROOT}/Headers/Public/UMImageLoaderInterface\"",
					"\"${PODS_ROOT}/Headers/Public/UMPermissionsInterface\"",
					"\"${PODS_ROOT}/Headers/Public/UMReactNativeAdapter\"",
					"\"${PODS_ROOT}/Headers/Public/UMSensorsInterface\"",
					"\"${PODS_ROOT}/Headers/Public/UMTaskManagerInterface\"",
					"\"${PODS_ROOT}/Headers/Public/Yoga\"",
					"\"${PODS_ROOT}/Headers/Public/abseil\"",
					"\"${PODS_ROOT}/Headers/Public/gRPC-C++\"",
					"\"${PODS_ROOT}/Headers/Public/gRPC-Core\"",
					"\"${PODS_ROOT}/Headers/Public/glog\"",
					"\"${PODS_ROOT}/Headers/Public/leveldb-library\"",
					"\"${PODS_ROOT}/Headers/Public/nanopb\"",
					"\"${PODS_ROOT}/Headers/Public/react-native-blur\"",
					"\"${PODS_ROOT}/Headers/Public/react-native-camera\"",
					"\"${PODS_ROOT}/Headers/Public/react-native-contacts\"",
					"\"${PODS_ROOT}/Headers/Public/react-native-geolocation\"",
					"\"${PODS_ROOT}/Headers/Public/react-native-image-picker\"",
					"\"${PODS_ROOT}/Headers/Public/react-native-maps\"",
					"\"${PODS_ROOT}/Headers/Public/react-native-randombytes\"",
					"\"${PODS_ROOT}/Headers/Public/react-native-safe-area-context\"",
					"\"${PODS_ROOT}/Headers/Public/react-native-slider\"",
					"\"${PODS_ROOT}/Headers/Public/react-native-splash-screen\"",
					"\"${PODS_ROOT}/Headers/Public/tipsi-stripe\"",
					"\"${PODS_ROOT}/Headers/Public/toolbar-android\"",
					"$(inherited)",
					"${PODS_ROOT}/Firebase/CoreOnly/Sources",
					"\"${PODS_TARGET_SRCROOT}/Sources/FBLPromises/include\"",
					"\"$(PODS_ROOT)/Headers/Private/React-Core\"",
					"\"$(SRCROOT)/../node_modules/react-native-firebase/ios/RNFirebase\"",
					"\"$(SRCROOT)/../node_modules/react-native-firebase/ios/RNFirebase/notifications\"",
					"\"$(SRCROOT)/../node_modules/react-native-firebase/ios/RNFirebase/messaging\"",
				);
				INFOPLIST_FILE = Lupa/Info.plist;
				IPHONEOS_DEPLOYMENT_TARGET = 10.0;
				LD_RUNPATH_SEARCH_PATHS = "$(inherited) @executable_path/Frameworks";
				LIBRARY_SEARCH_PATHS = "$(inherited)";
				MARKETING_VERSION = 0.7;
				OTHER_LDFLAGS = (
					"$(inherited)",
					"-ObjC",
					"-lc++",
				);
				PRODUCT_BUNDLE_IDENTIFIER = com.rheasilvia.Lupa;
				PRODUCT_NAME = lupa;
				PROVISIONING_PROFILE_SPECIFIER = ElijahHDev;
				VERSIONING_SYSTEM = "apple-generic";
			};
			name = Release;
		};
		83CBBA201A601CBA00E9B192 /* Debug */ = {
			isa = XCBuildConfiguration;
			buildSettings = {
				ALWAYS_SEARCH_USER_PATHS = NO;
				CLANG_CXX_LANGUAGE_STANDARD = "gnu++0x";
				CLANG_CXX_LIBRARY = "libc++";
				CLANG_ENABLE_MODULES = YES;
				CLANG_ENABLE_OBJC_ARC = YES;
				CLANG_WARN_BLOCK_CAPTURE_AUTORELEASING = YES;
				CLANG_WARN_BOOL_CONVERSION = YES;
				CLANG_WARN_COMMA = YES;
				CLANG_WARN_CONSTANT_CONVERSION = YES;
				CLANG_WARN_DEPRECATED_OBJC_IMPLEMENTATIONS = YES;
				CLANG_WARN_DIRECT_OBJC_ISA_USAGE = YES_ERROR;
				CLANG_WARN_EMPTY_BODY = YES;
				CLANG_WARN_ENUM_CONVERSION = YES;
				CLANG_WARN_INFINITE_RECURSION = YES;
				CLANG_WARN_INT_CONVERSION = YES;
				CLANG_WARN_NON_LITERAL_NULL_CONVERSION = YES;
				CLANG_WARN_OBJC_IMPLICIT_RETAIN_SELF = YES;
				CLANG_WARN_OBJC_LITERAL_CONVERSION = YES;
				CLANG_WARN_OBJC_ROOT_CLASS = YES_ERROR;
				CLANG_WARN_RANGE_LOOP_ANALYSIS = YES;
				CLANG_WARN_STRICT_PROTOTYPES = YES;
				CLANG_WARN_SUSPICIOUS_MOVE = YES;
				CLANG_WARN_UNREACHABLE_CODE = YES;
				CLANG_WARN__DUPLICATE_METHOD_MATCH = YES;
				"CODE_SIGN_IDENTITY[sdk=iphoneos*]" = "Apple Development: rheasilvia.lupahealth@gmail.com (3SRF77FL5L)";
				COPY_PHASE_STRIP = NO;
				ENABLE_STRICT_OBJC_MSGSEND = YES;
				ENABLE_TESTABILITY = YES;
				GCC_C_LANGUAGE_STANDARD = gnu99;
				GCC_DYNAMIC_NO_PIC = NO;
				GCC_NO_COMMON_BLOCKS = YES;
				GCC_OPTIMIZATION_LEVEL = 0;
				GCC_PREPROCESSOR_DEFINITIONS = (
					"DEBUG=1",
					"$(inherited)",
				);
				GCC_SYMBOLS_PRIVATE_EXTERN = NO;
				GCC_WARN_64_TO_32_BIT_CONVERSION = YES;
				GCC_WARN_ABOUT_RETURN_TYPE = YES_ERROR;
				GCC_WARN_UNDECLARED_SELECTOR = YES;
				GCC_WARN_UNINITIALIZED_AUTOS = YES_AGGRESSIVE;
				GCC_WARN_UNUSED_FUNCTION = YES;
				GCC_WARN_UNUSED_VARIABLE = YES;
				IPHONEOS_DEPLOYMENT_TARGET = 10.0;
				MTL_ENABLE_DEBUG_INFO = YES;
				ONLY_ACTIVE_ARCH = YES;
				PRODUCT_BUNDLE_IDENTIFIER = com.lupa.lupa;
				PRODUCT_NAME = lupa;
				SDKROOT = iphoneos;
			};
			name = Debug;
		};
		83CBBA211A601CBA00E9B192 /* Release */ = {
			isa = XCBuildConfiguration;
			buildSettings = {
				ALWAYS_SEARCH_USER_PATHS = NO;
				CLANG_CXX_LANGUAGE_STANDARD = "gnu++0x";
				CLANG_CXX_LIBRARY = "libc++";
				CLANG_ENABLE_MODULES = YES;
				CLANG_ENABLE_OBJC_ARC = YES;
				CLANG_WARN_BLOCK_CAPTURE_AUTORELEASING = YES;
				CLANG_WARN_BOOL_CONVERSION = YES;
				CLANG_WARN_COMMA = YES;
				CLANG_WARN_CONSTANT_CONVERSION = YES;
				CLANG_WARN_DEPRECATED_OBJC_IMPLEMENTATIONS = YES;
				CLANG_WARN_DIRECT_OBJC_ISA_USAGE = YES_ERROR;
				CLANG_WARN_EMPTY_BODY = YES;
				CLANG_WARN_ENUM_CONVERSION = YES;
				CLANG_WARN_INFINITE_RECURSION = YES;
				CLANG_WARN_INT_CONVERSION = YES;
				CLANG_WARN_NON_LITERAL_NULL_CONVERSION = YES;
				CLANG_WARN_OBJC_IMPLICIT_RETAIN_SELF = YES;
				CLANG_WARN_OBJC_LITERAL_CONVERSION = YES;
				CLANG_WARN_OBJC_ROOT_CLASS = YES_ERROR;
				CLANG_WARN_RANGE_LOOP_ANALYSIS = YES;
				CLANG_WARN_STRICT_PROTOTYPES = YES;
				CLANG_WARN_SUSPICIOUS_MOVE = YES;
				CLANG_WARN_UNREACHABLE_CODE = YES;
				CLANG_WARN__DUPLICATE_METHOD_MATCH = YES;
				"CODE_SIGN_IDENTITY[sdk=iphoneos*]" = "Apple Distribution: Rhea Silvia LLC (4GJL3RKQ5P)";
				COPY_PHASE_STRIP = YES;
				ENABLE_NS_ASSERTIONS = NO;
				ENABLE_STRICT_OBJC_MSGSEND = YES;
				GCC_C_LANGUAGE_STANDARD = gnu99;
				GCC_NO_COMMON_BLOCKS = YES;
				GCC_OPTIMIZATION_LEVEL = 0;
				GCC_WARN_64_TO_32_BIT_CONVERSION = YES;
				GCC_WARN_ABOUT_RETURN_TYPE = YES_ERROR;
				GCC_WARN_UNDECLARED_SELECTOR = YES;
				GCC_WARN_UNINITIALIZED_AUTOS = YES_AGGRESSIVE;
				GCC_WARN_UNUSED_FUNCTION = YES;
				GCC_WARN_UNUSED_VARIABLE = YES;
				IPHONEOS_DEPLOYMENT_TARGET = 10.0;
				MTL_ENABLE_DEBUG_INFO = NO;
				PRODUCT_BUNDLE_IDENTIFIER = com.lupa.lupa;
				PRODUCT_NAME = lupa;
				SDKROOT = iphoneos;
				VALIDATE_PRODUCT = YES;
			};
			name = Release;
		};
/* End XCBuildConfiguration section */

/* Begin XCConfigurationList section */
		13B07F931A680F5B00A75B9A /* Build configuration list for PBXNativeTarget "Lupa" */ = {
			isa = XCConfigurationList;
			buildConfigurations = (
				13B07F941A680F5B00A75B9A /* Debug */,
				13B07F951A680F5B00A75B9A /* Release */,
			);
			defaultConfigurationIsVisible = 0;
			defaultConfigurationName = Release;
		};
		83CBB9FA1A601CBA00E9B192 /* Build configuration list for PBXProject "Lupa" */ = {
			isa = XCConfigurationList;
			buildConfigurations = (
				83CBBA201A601CBA00E9B192 /* Debug */,
				83CBBA211A601CBA00E9B192 /* Release */,
			);
			defaultConfigurationIsVisible = 0;
			defaultConfigurationName = Release;
		};
/* End XCConfigurationList section */
	};
	rootObject = 83CBB9F71A601CBA00E9B192 /* Project object */;
}
